{
  "name": "task17",
  "lockfileVersion": 2,
  "requires": true,
  "packages": {
    "": {
      "dependencies": {
        "yandex-maps": "^0.0.1",
        "ymaps": "^0.2.1"
      }
    },
    "node_modules/yandex-maps": {
      "version": "0.0.1",
      "resolved": "https://registry.npmjs.org/yandex-maps/-/yandex-maps-0.0.1.tgz",
      "integrity": "sha512-7gW254ut4HEpSyQEaztSB4lZiuIz/DtS4jvfbJJWHxpuztMNZtYmSVBqhGRSaBgESe8f6T7/fAtEO/FkRHzdXQ=="
    },
    "node_modules/ymaps": {
      "version": "0.2.1",
      "resolved": "https://registry.npmjs.org/ymaps/-/ymaps-0.2.1.tgz",
      "integrity": "sha512-7PXl4mwipFyqBuyWsphOEEP+9wlkIyNKcXlhrWi+mX8R9m9Fz1bNdPGSMdAw3zTZRq4vjOQ7WIFFCvf7Q5UX/A=="
    }
  },
  "dependencies": {
    "yandex-maps": {
      "version": "0.0.1",
      "resolved": "https://registry.npmjs.org/yandex-maps/-/yandex-maps-0.0.1.tgz",
      "integrity": "sha512-7gW254ut4HEpSyQEaztSB4lZiuIz/DtS4jvfbJJWHxpuztMNZtYmSVBqhGRSaBgESe8f6T7/fAtEO/FkRHzdXQ=="
    },
    "ymaps": {
      "version": "0.2.1",
      "resolved": "https://registry.npmjs.org/ymaps/-/ymaps-0.2.1.tgz",
      "integrity": "sha512-7PXl4mwipFyqBuyWsphOEEP+9wlkIyNKcXlhrWi+mX8R9m9Fz1bNdPGSMdAw3zTZRq4vjOQ7WIFFCvf7Q5UX/A=="
    }
  }
}
